
Microsoft Visual Studio Solution File, Format Version 12.00
# Visual Studio Version 17
VisualStudioVersion = 17.5.33209.295
MinimumVisualStudioVersion = 10.0.40219.1
Project("{FAE04EC0-301F-11D3-BF4B-00C04F79EFBC}") = "PDV", "PDV.csproj", "{60FAAC54-1F65-4F7B-A33F-87BAC2EC4FE5}"
EndProject
Global
	GlobalSection(SolutionConfigurationPlatforms) = preSolution
		Debug|Any CPU = Debug|Any CPU
		Release|Any CPU = Release|Any CPU
	EndGlobalSection
	GlobalSection(ProjectConfigurationPlatforms) = postSolution
		{60FAAC54-1F65-4F7B-A33F-87BAC2EC4FE5}.Debug|Any CPU.ActiveCfg = Debug|Any CPU
		{60FAAC54-1F65-4F7B-A33F-87BAC2EC4FE5}.Debug|Any CPU.Build.0 = Debug|Any CPU
		{60FAAC54-1F65-4F7B-A33F-87BAC2EC4FE5}.Release|Any CPU.ActiveCfg = Release|Any CPU
		{60FAAC54-1F65-4F7B-A33F-87BAC2EC4FE5}.Release|Any CPU.Build.0 = Release|Any CPU
	EndGlobalSection
	GlobalSection(SolutionProperties) = preSolution
		HideSolutionNode = FALSE
	EndGlobalSection
	GlobalSection(ExtensibilityGlobals) = postSolution
		SolutionGuid = {ADD16C8D-1A11-4090-8486-4F0E0A8D53C8}
	EndGlobalSection
EndGlobal
